
Microsoft Visual Studio Solution File, Format Version 12.00
# Visual Studio Version 18
VisualStudioVersion = 18.0.11205.157 d18.0
MinimumVisualStudioVersion = 10.0.40219.1
Project("{2150E333-8FDC-42A3-9474-1A3956D46DE8}") = "Solution Items", "Solution Items", "{EE378741-ACBC-44A9-963A-488DADFCC21D}"
	ProjectSection(SolutionItems) = preProject
		.editorconfig = .editorconfig
		Directory.Build.props = Directory.Build.props
		LICENSE.txt = LICENSE.txt
		README.md = README.md
	EndProjectSection
EndProject
Project("{2150E333-8FDC-42A3-9474-1A3956D46DE8}") = "test", "test", "{A218F6FB-3BD1-478A-9AD3-973DB3EB9CA5}"
	ProjectSection(SolutionItems) = preProject
		test\Directory.Build.props = test\Directory.Build.props
	EndProjectSection
EndProject
Project("{2150E333-8FDC-42A3-9474-1A3956D46DE8}") = "src", "src", "{CEFBA958-8F2A-4306-9F09-9FA5C7761DAE}"
	ProjectSection(SolutionItems) = preProject
		src\Directory.Build.props = src\Directory.Build.props
	EndProjectSection
EndProject
Project("{FAE04EC0-301F-11D3-BF4B-00C04F79EFBC}") = "Aspire4Wasm.AppHost", "src\Aspire4Wasm.AppHost\Aspire4Wasm.AppHost.csproj", "{564DB999-E346-4F7E-14BC-EEAAE23EE9E3}"
EndProject
Project("{FAE04EC0-301F-11D3-BF4B-00C04F79EFBC}") = "Aspire4Wasm.WebApi", "src\Aspire4Wasm.WebApi\Aspire4Wasm.WebApi.csproj", "{EB29793C-4D70-399A-DDD8-297D482928A4}"
EndProject
Project("{FAE04EC0-301F-11D3-BF4B-00C04F79EFBC}") = "Aspire4Wasm.WebAssembly", "src\Aspire4Wasm.WebAssembly\Aspire4Wasm.WebAssembly.csproj", "{EDC759DD-B6F7-4155-8F4D-55B92968F1C6}"
EndProject
Project("{FAE04EC0-301F-11D3-BF4B-00C04F79EFBC}") = "Aspire4Wasm.AppHost.Tests", "test\Aspire4Wasm.AppHost.Tests\Aspire4Wasm.AppHost.Tests.csproj", "{7EB6A350-58D6-EB8D-736A-8A57DDFE6CFF}"
EndProject
Project("{FAE04EC0-301F-11D3-BF4B-00C04F79EFBC}") = "Aspire4Wasm.DummyApp.AppHost", "test\Aspire4Wasm.DummyApp.AppHost\Aspire4Wasm.DummyApp.AppHost.csproj", "{8D3ECB6B-6CBD-4A62-BC5A-23C7F4CE7194}"
EndProject
Project("{FAE04EC0-301F-11D3-BF4B-00C04F79EFBC}") = "Aspire4Wasm.DummyApp.ServiceDefaults", "test\Aspire4Wasm.DummyApp.ServiceDefaults\Aspire4Wasm.DummyApp.ServiceDefaults.csproj", "{87E6CE23-1E6A-8DE4-4C1B-A31597ADE325}"
EndProject
Project("{FAE04EC0-301F-11D3-BF4B-00C04F79EFBC}") = "Aspire4Wasm.DummyApp.ApiService", "test\Aspire4Wasm.DummyApp.ApiService\Aspire4Wasm.DummyApp.ApiService.csproj", "{3DF4C05B-FB98-F041-D45E-E85B1B7AEA7B}"
EndProject
Project("{FAE04EC0-301F-11D3-BF4B-00C04F79EFBC}") = "Aspire4Wasm.DummyApp.Web", "test\Aspire4Wasm.DummyApp.Web\Aspire4Wasm.DummyApp.Web.csproj", "{4E0474C3-5183-A5DF-9E3A-AC74BFB4D794}"
EndProject
Global
	GlobalSection(SolutionConfigurationPlatforms) = preSolution
		Debug|Any CPU = Debug|Any CPU
		Release|Any CPU = Release|Any CPU
	EndGlobalSection
	GlobalSection(ProjectConfigurationPlatforms) = postSolution
		{564DB999-E346-4F7E-14BC-EEAAE23EE9E3}.Debug|Any CPU.ActiveCfg = Debug|Any CPU
		{564DB999-E346-4F7E-14BC-EEAAE23EE9E3}.Debug|Any CPU.Build.0 = Debug|Any CPU
		{564DB999-E346-4F7E-14BC-EEAAE23EE9E3}.Release|Any CPU.ActiveCfg = Release|Any CPU
		{564DB999-E346-4F7E-14BC-EEAAE23EE9E3}.Release|Any CPU.Build.0 = Release|Any CPU
		{EB29793C-4D70-399A-DDD8-297D482928A4}.Debug|Any CPU.ActiveCfg = Debug|Any CPU
		{EB29793C-4D70-399A-DDD8-297D482928A4}.Debug|Any CPU.Build.0 = Debug|Any CPU
		{EB29793C-4D70-399A-DDD8-297D482928A4}.Release|Any CPU.ActiveCfg = Release|Any CPU
		{EB29793C-4D70-399A-DDD8-297D482928A4}.Release|Any CPU.Build.0 = Release|Any CPU
		{EDC759DD-B6F7-4155-8F4D-55B92968F1C6}.Debug|Any CPU.ActiveCfg = Debug|Any CPU
		{EDC759DD-B6F7-4155-8F4D-55B92968F1C6}.Debug|Any CPU.Build.0 = Debug|Any CPU
		{EDC759DD-B6F7-4155-8F4D-55B92968F1C6}.Release|Any CPU.ActiveCfg = Release|Any CPU
		{EDC759DD-B6F7-4155-8F4D-55B92968F1C6}.Release|Any CPU.Build.0 = Release|Any CPU
		{7EB6A350-58D6-EB8D-736A-8A57DDFE6CFF}.Debug|Any CPU.ActiveCfg = Debug|Any CPU
		{7EB6A350-58D6-EB8D-736A-8A57DDFE6CFF}.Debug|Any CPU.Build.0 = Debug|Any CPU
		{7EB6A350-58D6-EB8D-736A-8A57DDFE6CFF}.Release|Any CPU.ActiveCfg = Release|Any CPU
		{7EB6A350-58D6-EB8D-736A-8A57DDFE6CFF}.Release|Any CPU.Build.0 = Release|Any CPU
		{8D3ECB6B-6CBD-4A62-BC5A-23C7F4CE7194}.Debug|Any CPU.ActiveCfg = Debug|Any CPU
		{8D3ECB6B-6CBD-4A62-BC5A-23C7F4CE7194}.Debug|Any CPU.Build.0 = Debug|Any CPU
		{8D3ECB6B-6CBD-4A62-BC5A-23C7F4CE7194}.Release|Any CPU.ActiveCfg = Release|Any CPU
		{8D3ECB6B-6CBD-4A62-BC5A-23C7F4CE7194}.Release|Any CPU.Build.0 = Release|Any CPU
		{87E6CE23-1E6A-8DE4-4C1B-A31597ADE325}.Debug|Any CPU.ActiveCfg = Debug|Any CPU
		{87E6CE23-1E6A-8DE4-4C1B-A31597ADE325}.Debug|Any CPU.Build.0 = Debug|Any CPU
		{87E6CE23-1E6A-8DE4-4C1B-A31597ADE325}.Release|Any CPU.ActiveCfg = Release|Any CPU
		{87E6CE23-1E6A-8DE4-4C1B-A31597ADE325}.Release|Any CPU.Build.0 = Release|Any CPU
		{3DF4C05B-FB98-F041-D45E-E85B1B7AEA7B}.Debug|Any CPU.ActiveCfg = Debug|Any CPU
		{3DF4C05B-FB98-F041-D45E-E85B1B7AEA7B}.Debug|Any CPU.Build.0 = Debug|Any CPU
		{3DF4C05B-FB98-F041-D45E-E85B1B7AEA7B}.Release|Any CPU.ActiveCfg = Release|Any CPU
		{3DF4C05B-FB98-F041-D45E-E85B1B7AEA7B}.Release|Any CPU.Build.0 = Release|Any CPU
		{4E0474C3-5183-A5DF-9E3A-AC74BFB4D794}.Debug|Any CPU.ActiveCfg = Debug|Any CPU
		{4E0474C3-5183-A5DF-9E3A-AC74BFB4D794}.Debug|Any CPU.Build.0 = Debug|Any CPU
		{4E0474C3-5183-A5DF-9E3A-AC74BFB4D794}.Release|Any CPU.ActiveCfg = Release|Any CPU
		{4E0474C3-5183-A5DF-9E3A-AC74BFB4D794}.Release|Any CPU.Build.0 = Release|Any CPU
	EndGlobalSection
	GlobalSection(SolutionProperties) = preSolution
		HideSolutionNode = FALSE
	EndGlobalSection
	GlobalSection(NestedProjects) = preSolution
		{564DB999-E346-4F7E-14BC-EEAAE23EE9E3} = {CEFBA958-8F2A-4306-9F09-9FA5C7761DAE}
		{EB29793C-4D70-399A-DDD8-297D482928A4} = {CEFBA958-8F2A-4306-9F09-9FA5C7761DAE}
		{EDC759DD-B6F7-4155-8F4D-55B92968F1C6} = {CEFBA958-8F2A-4306-9F09-9FA5C7761DAE}
		{7EB6A350-58D6-EB8D-736A-8A57DDFE6CFF} = {A218F6FB-3BD1-478A-9AD3-973DB3EB9CA5}
		{8D3ECB6B-6CBD-4A62-BC5A-23C7F4CE7194} = {A218F6FB-3BD1-478A-9AD3-973DB3EB9CA5}
		{87E6CE23-1E6A-8DE4-4C1B-A31597ADE325} = {A218F6FB-3BD1-478A-9AD3-973DB3EB9CA5}
		{3DF4C05B-FB98-F041-D45E-E85B1B7AEA7B} = {A218F6FB-3BD1-478A-9AD3-973DB3EB9CA5}
		{4E0474C3-5183-A5DF-9E3A-AC74BFB4D794} = {A218F6FB-3BD1-478A-9AD3-973DB3EB9CA5}
	EndGlobalSection
	GlobalSection(ExtensibilityGlobals) = postSolution
		SolutionGuid = {A2642819-AA8B-4DC7-B6C5-51B1FABA4C45}
	EndGlobalSection
EndGlobal
