
Microsoft Visual Studio Solution File, Format Version 12.00
# Visual Studio Version 17
VisualStudioVersion = 17.12.35527.113 d17.12
MinimumVisualStudioVersion = 10.0.40219.1
Project("{FAE04EC0-301F-11D3-BF4B-00C04F79EFBC}") = "Aspire4Wasm", "Aspire4Wasm\Aspire4Wasm.csproj", "{02FCDCE2-FCF1-41DE-98A8-124B52F2F252}"
EndProject
Project("{FAE04EC0-301F-11D3-BF4B-00C04F79EFBC}") = "Aspire4Wasm.Tests", "Aspire4Wasm.Tests\Aspire4Wasm.Tests.csproj", "{D028A57D-982C-4A36-8A46-44802CD06DAF}"
EndProject
Global
	GlobalSection(SolutionConfigurationPlatforms) = preSolution
		Debug|Any CPU = Debug|Any CPU
		Release|Any CPU = Release|Any CPU
	EndGlobalSection
	GlobalSection(ProjectConfigurationPlatforms) = postSolution
		{02FCDCE2-FCF1-41DE-98A8-124B52F2F252}.Debug|Any CPU.ActiveCfg = Debug|Any CPU
		{02FCDCE2-FCF1-41DE-98A8-124B52F2F252}.Debug|Any CPU.Build.0 = Debug|Any CPU
		{02FCDCE2-FCF1-41DE-98A8-124B52F2F252}.Release|Any CPU.ActiveCfg = Release|Any CPU
		{02FCDCE2-FCF1-41DE-98A8-124B52F2F252}.Release|Any CPU.Build.0 = Release|Any CPU
		{D028A57D-982C-4A36-8A46-44802CD06DAF}.Debug|Any CPU.ActiveCfg = Debug|Any CPU
		{D028A57D-982C-4A36-8A46-44802CD06DAF}.Debug|Any CPU.Build.0 = Debug|Any CPU
		{D028A57D-982C-4A36-8A46-44802CD06DAF}.Release|Any CPU.ActiveCfg = Release|Any CPU
		{D028A57D-982C-4A36-8A46-44802CD06DAF}.Release|Any CPU.Build.0 = Release|Any CPU
	EndGlobalSection
	GlobalSection(SolutionProperties) = preSolution
		HideSolutionNode = FALSE
	EndGlobalSection
EndGlobal
